
Microsoft Visual Studio Solution File, Format Version 12.00
# Visual Studio Version 17
VisualStudioVersion = 17.9.34723.18
MinimumVisualStudioVersion = 10.0.40219.1
Project("{FAE04EC0-301F-11D3-BF4B-00C04F79EFBC}") = "Section02_FeetMeterConverter", "Section02\Section02_FeetMeterConverter.csproj", "{80976D4F-0127-4606-B5B3-05ABE5CC74D7}"
EndProject
Project("{FAE04EC0-301F-11D3-BF4B-00C04F79EFBC}") = "Section02_CalCulatorSale", "Section02_CalCulatorSale\Section02_CalCulatorSale.csproj", "{292676F4-7D69-45F3-AB68-FC1B7C58DBDA}"
EndProject
Project("{FAE04EC0-301F-11D3-BF4B-00C04F79EFBC}") = "Section03_3-1", "Section03_3-1\Section03_3-1.csproj", "{9B296747-8E43-4A4D-B610-25B6404AA6F6}"
EndProject
Global
	GlobalSection(SolutionConfigurationPlatforms) = preSolution
		Debug|Any CPU = Debug|Any CPU
		Release|Any CPU = Release|Any CPU
	EndGlobalSection
	GlobalSection(ProjectConfigurationPlatforms) = postSolution
		{80976D4F-0127-4606-B5B3-05ABE5CC74D7}.Debug|Any CPU.ActiveCfg = Debug|Any CPU
		{80976D4F-0127-4606-B5B3-05ABE5CC74D7}.Debug|Any CPU.Build.0 = Debug|Any CPU
		{80976D4F-0127-4606-B5B3-05ABE5CC74D7}.Release|Any CPU.ActiveCfg = Release|Any CPU
		{80976D4F-0127-4606-B5B3-05ABE5CC74D7}.Release|Any CPU.Build.0 = Release|Any CPU
		{292676F4-7D69-45F3-AB68-FC1B7C58DBDA}.Debug|Any CPU.ActiveCfg = Debug|Any CPU
		{292676F4-7D69-45F3-AB68-FC1B7C58DBDA}.Debug|Any CPU.Build.0 = Debug|Any CPU
		{292676F4-7D69-45F3-AB68-FC1B7C58DBDA}.Release|Any CPU.ActiveCfg = Release|Any CPU
		{292676F4-7D69-45F3-AB68-FC1B7C58DBDA}.Release|Any CPU.Build.0 = Release|Any CPU
		{9B296747-8E43-4A4D-B610-25B6404AA6F6}.Debug|Any CPU.ActiveCfg = Debug|Any CPU
		{9B296747-8E43-4A4D-B610-25B6404AA6F6}.Debug|Any CPU.Build.0 = Debug|Any CPU
		{9B296747-8E43-4A4D-B610-25B6404AA6F6}.Release|Any CPU.ActiveCfg = Release|Any CPU
		{9B296747-8E43-4A4D-B610-25B6404AA6F6}.Release|Any CPU.Build.0 = Release|Any CPU
	EndGlobalSection
	GlobalSection(SolutionProperties) = preSolution
		HideSolutionNode = FALSE
	EndGlobalSection
	GlobalSection(ExtensibilityGlobals) = postSolution
		SolutionGuid = {7509C50D-669B-46A9-8964-91B51A2B3DB4}
	EndGlobalSection
EndGlobal
